
Microsoft Visual Studio Solution File, Format Version 12.00
Project("{FAE04EC0-301F-11D3-BF4B-00C04F79EFBC}") = "OctoFx.Web", "OctoFx.Web\OctoFx.Web.csproj", "{4BA83A63-8545-4A66-90A7-817BC4ACF835}"
EndProject
Global
	GlobalSection(SolutionConfigurationPlatforms) = preSolution
		Debug|Any CPU = Debug|Any CPU
		Release|Any CPU = Release|Any CPU
	EndGlobalSection
	GlobalSection(ProjectConfigurationPlatforms) = postSolution
		{4BA83A63-8545-4A66-90A7-817BC4ACF835}.Debug|Any CPU.ActiveCfg = Debug|Any CPU
		{4BA83A63-8545-4A66-90A7-817BC4ACF835}.Debug|Any CPU.Build.0 = Debug|Any CPU
		{4BA83A63-8545-4A66-90A7-817BC4ACF835}.Release|Any CPU.ActiveCfg = Release|Any CPU
		{4BA83A63-8545-4A66-90A7-817BC4ACF835}.Release|Any CPU.Build.0 = Release|Any CPU
	EndGlobalSection
EndGlobal
